
Microsoft Visual Studio Solution File, Format Version 11.00
# Visual Studio 2010
Project("{FAE04EC0-301F-11D3-BF4B-00C04F79EFBC}") = "bishe", "Assembly-CSharp.csproj", "{57970F4C-99DB-FCBC-943C-A88DFBEC9C29}"
EndProject
Project("{FAE04EC0-301F-11D3-BF4B-00C04F79EFBC}") = "bishe", "Assembly-CSharp-firstpass.csproj", "{C61D1A15-C333-3350-AF9E-C661A10ACED5}"
EndProject
Project("{FAE04EC0-301F-11D3-BF4B-00C04F79EFBC}") = "bishe", "Assembly-CSharp-Editor.csproj", "{12652B8A-8699-4665-6065-D38567F50702}"
EndProject
Global
	GlobalSection(SolutionConfigurationPlatforms) = preSolution
		Debug|Any CPU = Debug|Any CPU
		Release|Any CPU = Release|Any CPU
	EndGlobalSection
	GlobalSection(ProjectConfigurationPlatforms) = postSolution
		{57970F4C-99DB-FCBC-943C-A88DFBEC9C29}.Debug|Any CPU.ActiveCfg = Debug|Any CPU
		{57970F4C-99DB-FCBC-943C-A88DFBEC9C29}.Debug|Any CPU.Build.0 = Debug|Any CPU
		{57970F4C-99DB-FCBC-943C-A88DFBEC9C29}.Release|Any CPU.ActiveCfg = Release|Any CPU
		{57970F4C-99DB-FCBC-943C-A88DFBEC9C29}.Release|Any CPU.Build.0 = Release|Any CPU
		{C61D1A15-C333-3350-AF9E-C661A10ACED5}.Debug|Any CPU.ActiveCfg = Debug|Any CPU
		{C61D1A15-C333-3350-AF9E-C661A10ACED5}.Debug|Any CPU.Build.0 = Debug|Any CPU
		{C61D1A15-C333-3350-AF9E-C661A10ACED5}.Release|Any CPU.ActiveCfg = Release|Any CPU
		{C61D1A15-C333-3350-AF9E-C661A10ACED5}.Release|Any CPU.Build.0 = Release|Any CPU
		{12652B8A-8699-4665-6065-D38567F50702}.Debug|Any CPU.ActiveCfg = Debug|Any CPU
		{12652B8A-8699-4665-6065-D38567F50702}.Debug|Any CPU.Build.0 = Debug|Any CPU
		{12652B8A-8699-4665-6065-D38567F50702}.Release|Any CPU.ActiveCfg = Release|Any CPU
		{12652B8A-8699-4665-6065-D38567F50702}.Release|Any CPU.Build.0 = Release|Any CPU
	EndGlobalSection
	GlobalSection(SolutionProperties) = preSolution
		HideSolutionNode = FALSE
	EndGlobalSection
	GlobalSection(MonoDevelopProperties) = preSolution
		StartupItem = Assembly-CSharp.csproj
	EndGlobalSection
EndGlobal
